
Microsoft Visual Studio Solution File, Format Version 12.00
# Visual Studio Version 17
VisualStudioVersion = 17.13.35931.197 d17.13
MinimumVisualStudioVersion = 10.0.40219.1
Project("{54A90642-561A-4BB1-A94E-469ADEE60C69}") = "tcmapp.client", "tcmapp.client\tcmapp.client.esproj", "{D1B86048-6E18-9801-3688-5F29B0E84752}"
EndProject
Project("{FAE04EC0-301F-11D3-BF4B-00C04F79EFBC}") = "TCMApp.Server", "TCMApp.Server\TCMApp.Server.csproj", "{D21B96F8-7198-4E6B-BA65-439BB4E95A67}"
EndProject
Global
	GlobalSection(SolutionConfigurationPlatforms) = preSolution
		Debug|Any CPU = Debug|Any CPU
		Release|Any CPU = Release|Any CPU
	EndGlobalSection
	GlobalSection(ProjectConfigurationPlatforms) = postSolution
		{D1B86048-6E18-9801-3688-5F29B0E84752}.Debug|Any CPU.ActiveCfg = Debug|Any CPU
		{D1B86048-6E18-9801-3688-5F29B0E84752}.Debug|Any CPU.Build.0 = Debug|Any CPU
		{D1B86048-6E18-9801-3688-5F29B0E84752}.Debug|Any CPU.Deploy.0 = Debug|Any CPU
		{D1B86048-6E18-9801-3688-5F29B0E84752}.Release|Any CPU.ActiveCfg = Release|Any CPU
		{D1B86048-6E18-9801-3688-5F29B0E84752}.Release|Any CPU.Build.0 = Release|Any CPU
		{D1B86048-6E18-9801-3688-5F29B0E84752}.Release|Any CPU.Deploy.0 = Release|Any CPU
		{D21B96F8-7198-4E6B-BA65-439BB4E95A67}.Debug|Any CPU.ActiveCfg = Debug|Any CPU
		{D21B96F8-7198-4E6B-BA65-439BB4E95A67}.Debug|Any CPU.Build.0 = Debug|Any CPU
		{D21B96F8-7198-4E6B-BA65-439BB4E95A67}.Release|Any CPU.ActiveCfg = Release|Any CPU
		{D21B96F8-7198-4E6B-BA65-439BB4E95A67}.Release|Any CPU.Build.0 = Release|Any CPU
	EndGlobalSection
	GlobalSection(SolutionProperties) = preSolution
		HideSolutionNode = FALSE
	EndGlobalSection
	GlobalSection(ExtensibilityGlobals) = postSolution
		SolutionGuid = {1A097A72-663E-45B3-B0C7-AE4D36EB4C2F}
	EndGlobalSection
EndGlobal
